{
  "version": 1,
  "generated_at": "2026-03-29T07:01:22.592626Z",
  "pipelines": [
    {
      "path": ".github/workflows/ci.yml",
      "type": "github_actions",
      "steps": [
        {
          "name": "checkout",
          "job": "test",
          "order": 0,
          "tools": [
            {
              "ecosystem": "github_action",
              "reference": "actions/checkout@v4",
              "hash": "34e114876b0b11c390a56381ad16ebd13914f8d5",
              "algorithm": "sha256",
              "source": "api.github.com"
            },
            {
              "ecosystem": "github_action",
              "reference": "actions/checkout@v4",
              "hash": "34e114876b0b11c390a56381ad16ebd13914f8d5",
              "algorithm": "sha256",
              "source": "api.github.com"
            }
          ]
        },
        {
          "name": "setup-go",
          "job": "test",
          "order": 1,
          "tools": [
            {
              "ecosystem": "github_action",
              "reference": "actions/setup-go@v5",
              "hash": "40f1582b2485089dde7abd97c1529aa768e1baff",
              "algorithm": "sha256",
              "source": "api.github.com"
            }
          ]
        },
        {
          "name": "build",
          "job": "test",
          "order": 2,
          "tools": null
        },
        {
          "name": "test",
          "job": "test",
          "order": 3,
          "tools": null
        },
        {
          "name": "test-race",
          "job": "test",
          "order": 4,
          "tools": null
        },
        {
          "name": "checkout",
          "job": "security",
          "order": 5,
          "tools": [
            {
              "ecosystem": "github_action",
              "reference": "actions/checkout@v4",
              "hash": "34e114876b0b11c390a56381ad16ebd13914f8d5",
              "algorithm": "sha256",
              "source": "api.github.com"
            },
            {
              "ecosystem": "github_action",
              "reference": "actions/checkout@v4",
              "hash": "34e114876b0b11c390a56381ad16ebd13914f8d5",
              "algorithm": "sha256",
              "source": "api.github.com"
            }
          ]
        },
        {
          "name": "trivy-scan",
          "job": "security",
          "order": 6,
          "tools": [
            {
              "ecosystem": "github_action",
              "reference": "aquasecurity/trivy-action@v0.35.0",
              "hash": "57a97c7e7821a5776cebc9bb87c984fa69cba8f1",
              "algorithm": "sha256",
              "source": "api.github.com"
            }
          ],
          "secrets": [
            {
              "name": "GITHUB_TOKEN",
              "source": "secrets"
            }
          ]
        },
        {
          "name": "codeql-init",
          "job": "security",
          "order": 7,
          "tools": [
            {
              "ecosystem": "github_action",
              "reference": "github/codeql-action@v3",
              "hash": "5c8a8a642e79153f5d047b10ec1cba1d1cc65699",
              "algorithm": "sha256",
              "source": "api.github.com"
            }
          ]
        },
        {
          "name": "codeql-analyze",
          "job": "security",
          "order": 8,
          "tools": [
            {
              "ecosystem": "github_action",
              "reference": "github/codeql-action@v3",
              "hash": "5c8a8a642e79153f5d047b10ec1cba1d1cc65699",
              "algorithm": "sha256",
              "source": "api.github.com"
            }
          ]
        }
      ]
    }
  ],
  "signature": {
    "algorithm": "ed25519",
    "value": "Ro5HAKuvjebqQ7U6DVlUr5P54OxIHacsibL7z107X5eklB3cp6IdqbvOPRCzlZr+Ma/eBaDwMyY6k2CITn0uCQ==",
    "public_key": "v9UwX1U9wWzw9pUuk4it2BxChwc59VthaanRgwDsGbs="
  }
}
