{
  "version": 1,
  "generated_at": "2026-09-21T06:45:21.385149Z",
  "pipelines": [
    {
      "path": ".github/workflows/ci.yml",
      "type": "github_actions",
      "repo": "github.com/data-insights-ai/rho-scg",
      "steps": [
        {
          "name": "checkout",
          "job": "security",
          "order": 0,
          "tools": [
            {
              "ecosystem": "github_action",
              "reference": "actions/checkout@11d5960a326750d5838078e36cf38b85af677262",
              "hash": "11d5960a326750d5838078e36cf38b85af677262",
              "algorithm": "sha1",
              "source": "platform:api.github.com"
            }
          ]
        },
        {
          "name": "trivy-scan",
          "job": "security",
          "order": 1,
          "tools": [
            {
              "ecosystem": "github_action",
              "reference": "aquasecurity/trivy-action@57a97c7e7821a5776cebc9bb87c984fa69cba8f1",
              "hash": "57a97c7e7821a5776cebc9bb87c984fa69cba8f1",
              "algorithm": "sha1",
              "source": "platform:api.github.com"
            }
          ],
          "secrets": [
            {
              "name": "GITHUB_TOKEN",
              "source": "secrets"
            }
          ]
        },
        {
          "name": "checkout",
          "job": "test",
          "order": 2,
          "tools": [
            {
              "ecosystem": "github_action",
              "reference": "actions/checkout@11d5960a326750d5838078e36cf38b85af677262",
              "hash": "11d5960a326750d5838078e36cf38b85af677262",
              "algorithm": "sha1",
              "source": "platform:api.github.com"
            }
          ]
        },
        {
          "name": "setup-go",
          "job": "test",
          "order": 3,
          "tools": [
            {
              "ecosystem": "github_action",
              "reference": "actions/setup-go@40f1582b2485089dde7abd97c1529aa768e1baff",
              "hash": "40f1582b2485089dde7abd97c1529aa768e1baff",
              "algorithm": "sha1",
              "source": "platform:api.github.com"
            }
          ]
        },
        {
          "name": "build",
          "job": "test",
          "order": 4,
          "tools": null
        },
        {
          "name": "test",
          "job": "test",
          "order": 5,
          "tools": null
        },
        {
          "name": "test-race",
          "job": "test",
          "order": 6,
          "tools": null
        },
        {
          "name": "lint",
          "job": "test",
          "order": 7,
          "tools": [
            {
              "ecosystem": "github_action",
              "reference": "golangci/golangci-lint-action@4afd733a84b1f43292c63897423277bb7f4313a9",
              "hash": "4afd733a84b1f43292c63897423277bb7f4313a9",
              "algorithm": "sha1",
              "source": "platform:api.github.com"
            }
          ]
        },
        {
          "name": "govulncheck",
          "job": "test",
          "order": 8,
          "tools": null
        },
        {
          "name": "coverage gate",
          "job": "test",
          "order": 9,
          "tools": null
        },
        {
          "name": "checkout",
          "job": "dogfood",
          "order": 10,
          "tools": [
            {
              "ecosystem": "github_action",
              "reference": "actions/checkout@11d5960a326750d5838078e36cf38b85af677262",
              "hash": "11d5960a326750d5838078e36cf38b85af677262",
              "algorithm": "sha1",
              "source": "platform:api.github.com"
            }
          ]
        },
        {
          "name": "setup-go",
          "job": "dogfood",
          "order": 11,
          "tools": [
            {
              "ecosystem": "github_action",
              "reference": "actions/setup-go@40f1582b2485089dde7abd97c1529aa768e1baff",
              "hash": "40f1582b2485089dde7abd97c1529aa768e1baff",
              "algorithm": "sha1",
              "source": "platform:api.github.com"
            }
          ]
        },
        {
          "name": "build",
          "job": "dogfood",
          "order": 12,
          "tools": null
        },
        {
          "name": "verify our own lockfile",
          "job": "dogfood",
          "order": 13,
          "tools": null,
          "secrets": [
            {
              "name": "SCG_API_KEY",
              "source": "secrets"
            }
          ]
        }
      ]
    },
    {
      "path": ".github/workflows/dogfood.yml",
      "type": "github_actions",
      "repo": "github.com/data-insights-ai/rho-scg",
      "steps": [
        {
          "name": "checkout",
          "job": "check",
          "order": 0,
          "tools": [
            {
              "ecosystem": "github_action",
              "reference": "actions/checkout@11d5960a326750d5838078e36cf38b85af677262",
              "hash": "11d5960a326750d5838078e36cf38b85af677262",
              "algorithm": "sha1",
              "source": "platform:api.github.com"
            }
          ]
        },
        {
          "name": "setup-go",
          "job": "check",
          "order": 1,
          "tools": [
            {
              "ecosystem": "github_action",
              "reference": "actions/setup-go@40f1582b2485089dde7abd97c1529aa768e1baff",
              "hash": "40f1582b2485089dde7abd97c1529aa768e1baff",
              "algorithm": "sha1",
              "source": "platform:api.github.com"
            }
          ]
        },
        {
          "name": "build",
          "job": "check",
          "order": 2,
          "tools": null
        },
        {
          "name": "verify our own lockfile",
          "job": "check",
          "order": 3,
          "tools": null,
          "secrets": [
            {
              "name": "SCG_API_KEY",
              "source": "secrets"
            }
          ]
        }
      ]
    },
    {
      "path": ".github/workflows/release.yml",
      "type": "github_actions",
      "repo": "github.com/data-insights-ai/rho-scg",
      "steps": [
        {
          "name": "checkout",
          "job": "release",
          "order": 0,
          "tools": [
            {
              "ecosystem": "github_action",
              "reference": "actions/checkout@11d5960a326750d5838078e36cf38b85af677262",
              "hash": "11d5960a326750d5838078e36cf38b85af677262",
              "algorithm": "sha1",
              "source": "platform:api.github.com"
            }
          ]
        },
        {
          "name": "setup-go",
          "job": "release",
          "order": 1,
          "tools": [
            {
              "ecosystem": "github_action",
              "reference": "actions/setup-go@40f1582b2485089dde7abd97c1529aa768e1baff",
              "hash": "40f1582b2485089dde7abd97c1529aa768e1baff",
              "algorithm": "sha1",
              "source": "platform:api.github.com"
            }
          ]
        },
        {
          "name": "test",
          "job": "release",
          "order": 2,
          "tools": null
        },
        {
          "name": "cross-compile",
          "job": "release",
          "order": 3,
          "tools": null
        },
        {
          "name": "checksums",
          "job": "release",
          "order": 4,
          "tools": null
        },
        {
          "name": "install cosign",
          "job": "release",
          "order": 5,
          "tools": [
            {
              "ecosystem": "github_action",
              "reference": "sigstore/cosign-installer@398d4b0eeef1380460a10c8013a76f728fb906ac",
              "hash": "398d4b0eeef1380460a10c8013a76f728fb906ac",
              "algorithm": "sha1",
              "source": "platform:api.github.com"
            }
          ]
        },
        {
          "name": "sign checksums",
          "job": "release",
          "order": 6,
          "tools": null
        },
        {
          "name": "attest build provenance",
          "job": "release",
          "order": 7,
          "tools": [
            {
              "ecosystem": "github_action",
              "reference": "actions/attest-build-provenance@e8998f949152b193b063cb0ec769d69d929409be",
              "hash": "e8998f949152b193b063cb0ec769d69d929409be",
              "algorithm": "sha1",
              "source": "platform:api.github.com"
            }
          ]
        },
        {
          "name": "github release",
          "job": "release",
          "order": 8,
          "tools": [
            {
              "ecosystem": "github_action",
              "reference": "softprops/action-gh-release@3bb12739c298aeb8a4eeaf626c5b8d85266b0e65",
              "hash": "3bb12739c298aeb8a4eeaf626c5b8d85266b0e65",
              "algorithm": "sha1",
              "source": "platform:api.github.com"
            }
          ]
        }
      ]
    }
  ],
  "signature": {
    "algorithm": "ed25519-platform",
    "value": "+/7VSaKaaAmMVOOPWebcYj3y36FDkfFjLGa9Ga2RE7bBBYmocodqdaouksrZs4/uCmNMZVGHsFZmDuP2TgaXBg==",
    "public_key": "Z+U1HXD+1LrnVdYXDR/MhuYaEApwtN5+wYkn6VeosWU="
  }
}
