{
  "version": 1,
  "generated_at": "2026-09-09T13:12:04.659276Z",
  "pipelines": [
    {
      "path": ".github/workflows/ci.yml",
      "type": "github_actions",
      "steps": [
        {
          "name": "checkout",
          "job": "security",
          "order": 0,
          "tools": [
            {
              "ecosystem": "github_action",
              "reference": "actions/checkout@v4",
              "hash": "34e114876b0b11c390a56381ad16ebd13914f8d5",
              "algorithm": "sha1",
              "source": "platform:api.github.com"
            }
          ]
        },
        {
          "name": "trivy-scan",
          "job": "security",
          "order": 1,
          "tools": [
            {
              "ecosystem": "github_action",
              "reference": "aquasecurity/trivy-action@v0.35.0",
              "hash": "57a97c7e7821a5776cebc9bb87c984fa69cba8f1",
              "algorithm": "sha1",
              "source": "platform:api.github.com"
            }
          ],
          "secrets": [
            {
              "name": "GITHUB_TOKEN",
              "source": "secrets"
            }
          ]
        },
        {
          "name": "checkout",
          "job": "test",
          "order": 2,
          "tools": [
            {
              "ecosystem": "github_action",
              "reference": "actions/checkout@v4",
              "hash": "34e114876b0b11c390a56381ad16ebd13914f8d5",
              "algorithm": "sha1",
              "source": "platform:api.github.com"
            }
          ]
        },
        {
          "name": "setup-go",
          "job": "test",
          "order": 3,
          "tools": [
            {
              "ecosystem": "github_action",
              "reference": "actions/setup-go@v5",
              "hash": "40f1582b2485089dde7abd97c1529aa768e1baff",
              "algorithm": "sha1",
              "source": "platform:api.github.com"
            }
          ]
        },
        {
          "name": "build",
          "job": "test",
          "order": 4,
          "tools": null
        },
        {
          "name": "test",
          "job": "test",
          "order": 5,
          "tools": null
        },
        {
          "name": "test-race",
          "job": "test",
          "order": 6,
          "tools": null
        },
        {
          "name": "lint",
          "job": "test",
          "order": 7,
          "tools": [
            {
              "ecosystem": "github_action",
              "reference": "golangci/golangci-lint-action@v6",
              "hash": "55c2c1448f86e01eaae002a5a3a9624417608d84",
              "algorithm": "sha1",
              "source": "platform:api.github.com"
            }
          ]
        },
        {
          "name": "govulncheck",
          "job": "test",
          "order": 8,
          "tools": null
        },
        {
          "name": "coverage gate",
          "job": "test",
          "order": 9,
          "tools": null
        }
      ]
    },
    {
      "path": ".github/workflows/release.yml",
      "type": "github_actions",
      "steps": [
        {
          "name": "checkout",
          "job": "release",
          "order": 0,
          "tools": [
            {
              "ecosystem": "github_action",
              "reference": "actions/checkout@v4",
              "hash": "34e114876b0b11c390a56381ad16ebd13914f8d5",
              "algorithm": "sha1",
              "source": "platform:api.github.com"
            }
          ]
        },
        {
          "name": "setup-go",
          "job": "release",
          "order": 1,
          "tools": [
            {
              "ecosystem": "github_action",
              "reference": "actions/setup-go@v5",
              "hash": "40f1582b2485089dde7abd97c1529aa768e1baff",
              "algorithm": "sha1",
              "source": "platform:api.github.com"
            }
          ]
        },
        {
          "name": "test",
          "job": "release",
          "order": 2,
          "tools": null
        },
        {
          "name": "cross-compile",
          "job": "release",
          "order": 3,
          "tools": null
        },
        {
          "name": "checksums",
          "job": "release",
          "order": 4,
          "tools": null
        },
        {
          "name": "install cosign",
          "job": "release",
          "order": 5,
          "tools": [
            {
              "ecosystem": "github_action",
              "reference": "sigstore/cosign-installer@v3",
              "hash": "398d4b0eeef1380460a10c8013a76f728fb906ac",
              "algorithm": "sha1",
              "source": "platform:api.github.com"
            }
          ]
        },
        {
          "name": "sign checksums",
          "job": "release",
          "order": 6,
          "tools": null
        },
        {
          "name": "github release",
          "job": "release",
          "order": 7,
          "tools": [
            {
              "ecosystem": "github_action",
              "reference": "softprops/action-gh-release@v2",
              "hash": "153bb8e04406b158c6c84fc1615b65b24149a1fe",
              "algorithm": "sha1",
              "source": "platform:api.github.com"
            }
          ]
        }
      ]
    }
  ],
  "signature": {
    "algorithm": "ed25519-platform",
    "value": "/0V8YWThlsCy9awEAIfBhJxroowPtBFSek7YMKcxIO6VOHOnWk9pr0MP+4zGI7QEJkLVuLD+sqmOzKv36CiFBA==",
    "public_key": "Z+U1HXD+1LrnVdYXDR/MhuYaEApwtN5+wYkn6VeosWU="
  }
}
